// !$*UTF8*$!
{
	archiveVersion = 1;
	classes = {
	};
	objectVersion = 46;
	objects = {

/* Begin PBXBuildFile section */
		A94A28A91C09F9E300E9164C /* main.m in Sources */ = {isa = PBXBuildFile; fileRef = A94A28A81C09F9E300E9164C /* main.m */; };
		A94A28AC1C09F9E300E9164C /* AppDelegate.m in Sources */ = {isa = PBXBuildFile; fileRef = A94A28AB1C09F9E300E9164C /* AppDelegate.m */; };
		A94A28AF1C09F9E300E9164C /* ViewController.m in Sources */ = {isa = PBXBuildFile; fileRef = A94A28AE1C09F9E300E9164C /* ViewController.m */; };
		A94A28B21C09F9E300E9164C /* Main.storyboard in Resources */ = {isa = PBXBuildFile; fileRef = A94A28B01C09F9E300E9164C /* Main.storyboard */; };
		A94A28B41C09F9E300E9164C /* Assets.xcassets in Resources */ = {isa = PBXBuildFile; fileRef = A94A28B31C09F9E300E9164C /* Assets.xcassets */; };
		A94A28B71C09F9E300E9164C /* LaunchScreen.storyboard in Resources */ = {isa = PBXBuildFile; fileRef = A94A28B51C09F9E300E9164C /* LaunchScreen.storyboard */; };
		A94A28C21C09F9E300E9164C /* OHAdminTests.m in Sources */ = {isa = PBXBuildFile; fileRef = A94A28C11C09F9E300E9164C /* OHAdminTests.m */; };
		A94A28CD1C09F9E300E9164C /* OHAdminUITests.m in Sources */ = {isa = PBXBuildFile; fileRef = A94A28CC1C09F9E300E9164C /* OHAdminUITests.m */; };
/* End PBXBuildFile section */

/* Begin PBXContainerItemProxy section */
		A94A28BE1C09F9E300E9164C /* PBXContainerItemProxy */ = {
			isa = PBXContainerItemProxy;
			containerPortal = A94A289C1C09F9E300E9164C /* Project object */;
			proxyType = 1;
			remoteGlobalIDString = A94A28A31C09F9E300E9164C;
			remoteInfo = OHAdmin;
		};
		A94A28C91C09F9E300E9164C /* PBXContainerItemProxy */ = {
			isa = PBXContainerItemProxy;
			containerPortal = A94A289C1C09F9E300E9164C /* Project object */;
			proxyType = 1;
			remoteGlobalIDString = A94A28A31C09F9E300E9164C;
			remoteInfo = OHAdmin;
		};
/* End PBXContainerItemProxy section */

/* Begin PBXFileReference section */
		A94A28A41C09F9E300E9164C /* OHAdmin.app */ = {isa = PBXFileReference; explicitFileType = wrapper.application; includeInIndex = 0; path = OHAdmin.app; sourceTree = BUILT_PRODUCTS_DIR; };
		A94A28A81C09F9E300E9164C /* main.m */ = {isa = PBXFileReference; lastKnownFileType = sourcecode.c.objc; path = main.m; sourceTree = "<group>"; };
		A94A28AA1C09F9E300E9164C /* AppDelegate.h */ = {isa = PBXFileReference; lastKnownFileType = sourcecode.c.h; path = AppDelegate.h; sourceTree = "<group>"; };
		A94A28AB1C09F9E300E9164C /* AppDelegate.m */ = {isa = PBXFileReference; lastKnownFileType = sourcecode.c.objc; path = AppDelegate.m; sourceTree = "<group>"; };
		A94A28AD1C09F9E300E9164C /* ViewController.h */ = {isa = PBXFileReference; lastKnownFileType = sourcecode.c.h; path = ViewController.h; sourceTree = "<group>"; };
		A94A28AE1C09F9E300E9164C /* ViewController.m */ = {isa = PBXFileReference; lastKnownFileType = sourcecode.c.objc; path = ViewController.m; sourceTree = "<group>"; };
		A94A28B11C09F9E300E9164C /* Base */ = {isa = PBXFileReference; lastKnownFileType = file.storyboard; name = Base; path = Base.lproj/Main.storyboard; sourceTree = "<group>"; };
		A94A28B31C09F9E300E9164C /* Assets.xcassets */ = {isa = PBXFileReference; lastKnownFileType = folder.assetcatalog; path = Assets.xcassets; sourceTree = "<group>"; };
		A94A28B61C09F9E300E9164C /* Base */ = {isa = PBXFileReference; lastKnownFileType = file.storyboard; name = Base; path = Base.lproj/LaunchScreen.storyboard; sourceTree = "<group>"; };
		A94A28B81C09F9E300E9164C /* Info.plist */ = {isa = PBXFileReference; lastKnownFileType = text.plist.xml; path = Info.plist; sourceTree = "<group>"; };
		A94A28BD1C09F9E300E9164C /* OHAdminTests.xctest */ = {isa = PBXFileReference; explicitFileType = wrapper.cfbundle; includeInIndex = 0; path = OHAdminTests.xctest; sourceTree = BUILT_PRODUCTS_DIR; };
		A94A28C11C09F9E300E9164C /* OHAdminTests.m */ = {isa = PBXFileReference; lastKnownFileType = sourcecode.c.objc; path = OHAdminTests.m; sourceTree = "<group>"; };
		A94A28C31C09F9E300E9164C /* Info.plist */ = {isa = PBXFileReference; lastKnownFileType = text.plist.xml; path = Info.plist; sourceTree = "<group>"; };
		A94A28C81C09F9E300E9164C /* OHAdminUITests.xctest */ = {isa = PBXFileReference; explicitFileType = wrapper.cfbundle; includeInIndex = 0; path = OHAdminUITests.xctest; sourceTree = BUILT_PRODUCTS_DIR; };
		A94A28CC1C09F9E300E9164C /* OHAdminUITests.m */ = {isa = PBXFileReference; lastKnownFileType = sourcecode.c.objc; path = OHAdminUITests.m; sourceTree = "<group>"; };
		A94A28CE1C09F9E300E9164C /* Info.plist */ = {isa = PBXFileReference; lastKnownFileType = text.plist.xml; path = Info.plist; sourceTree = "<group>"; };
/* End PBXFileReference section */

/* Begin PBXFrameworksBuildPhase section */
		A94A28A11C09F9E300E9164C /* Frameworks */ = {
			isa = PBXFrameworksBuildPhase;
			buildActionMask = 2147483647;
			files = (
			);
			runOnlyForDeploymentPostprocessing = 0;
		};
		A94A28BA1C09F9E300E9164C /* Frameworks */ = {
			isa = PBXFrameworksBuildPhase;
			buildActionMask = 2147483647;
			files = (
			);
			runOnlyForDeploymentPostprocessing = 0;
		};
		A94A28C51C09F9E300E9164C /* Frameworks */ = {
			isa = PBXFrameworksBuildPhase;
			buildActionMask = 2147483647;
			files = (
			);
			runOnlyForDeploymentPostprocessing = 0;
		};
/* End PBXFrameworksBuildPhase section */

/* Begin PBXGroup section */
		A94A289B1C09F9E300E9164C = {
			isa = PBXGroup;
			children = (
				A94A28A61C09F9E300E9164C /* OHAdmin */,
				A94A28C01C09F9E300E9164C /* OHAdminTests */,
				A94A28CB1C09F9E300E9164C /* OHAdminUITests */,
				A94A28A51C09F9E300E9164C /* Products */,
			);
			sourceTree = "<group>";
		};
		A94A28A51C09F9E300E9164C /* Products */ = {
			isa = PBXGroup;
			children = (
				A94A28A41C09F9E300E9164C /* OHAdmin.app */,
				A94A28BD1C09F9E300E9164C /* OHAdminTests.xctest */,
				A94A28C81C09F9E300E9164C /* OHAdminUITests.xctest */,
			);
			name = Products;
			sourceTree = "<group>";
		};
		A94A28A61C09F9E300E9164C /* OHAdmin */ = {
			isa = PBXGroup;
			children = (
				A94A28AA1C09F9E300E9164C /* AppDelegate.h */,
				A94A28AB1C09F9E300E9164C /* AppDelegate.m */,
				A94A28AD1C09F9E300E9164C /* ViewController.h */,
				A94A28AE1C09F9E300E9164C /* ViewController.m */,
				A94A28B01C09F9E300E9164C /* Main.storyboard */,
				A94A28B31C09F9E300E9164C /* Assets.xcassets */,
				A94A28B51C09F9E300E9164C /* LaunchScreen.storyboard */,
				A94A28B81C09F9E300E9164C /* Info.plist */,
				A94A28A71C09F9E300E9164C /* Supporting Files */,
			);
			path = OHAdmin;
			sourceTree = "<group>";
		};
		A94A28A71C09F9E300E9164C /* Supporting Files */ = {
			isa = PBXGroup;
			children = (
				A94A28A81C09F9E300E9164C /* main.m */,
			);
			name = "Supporting Files";
			sourceTree = "<group>";
		};
		A94A28C01C09F9E300E9164C /* OHAdminTests */ = {
			isa = PBXGroup;
			children = (
				A94A28C11C09F9E300E9164C /* OHAdminTests.m */,
				A94A28C31C09F9E300E9164C /* Info.plist */,
			);
			path = OHAdminTests;
			sourceTree = "<group>";
		};
		A94A28CB1C09F9E300E9164C /* OHAdminUITests */ = {
			isa = PBXGroup;
			children = (
				A94A28CC1C09F9E300E9164C /* OHAdminUITests.m */,
				A94A28CE1C09F9E300E9164C /* Info.plist */,
			);
			path = OHAdminUITests;
			sourceTree = "<group>";
		};
/* End PBXGroup section */

/* Begin PBXNativeTarget section */
		A94A28A31C09F9E300E9164C /* OHAdmin */ = {
			isa = PBXNativeTarget;
			buildConfigurationList = A94A28D11C09F9E300E9164C /* Build configuration list for PBXNativeTarget "OHAdmin" */;
			buildPhases = (
				A94A28A01C09F9E300E9164C /* Sources */,
				A94A28A11C09F9E300E9164C /* Frameworks */,
				A94A28A21C09F9E300E9164C /* Resources */,
			);
			buildRules = (
			);
			dependencies = (
			);
			name = OHAdmin;
			productName = OHAdmin;
			productReference = A94A28A41C09F9E300E9164C /* OHAdmin.app */;
			productType = "com.apple.product-type.application";
		};
		A94A28BC1C09F9E300E9164C /* OHAdminTests */ = {
			isa = PBXNativeTarget;
			buildConfigurationList = A94A28D41C09F9E300E9164C /* Build configuration list for PBXNativeTarget "OHAdminTests" */;
			buildPhases = (
				A94A28B91C09F9E300E9164C /* Sources */,
				A94A28BA1C09F9E300E9164C /* Frameworks */,
				A94A28BB1C09F9E300E9164C /* Resources */,
			);
			buildRules = (
			);
			dependencies = (
				A94A28BF1C09F9E300E9164C /* PBXTargetDependency */,
			);
			name = OHAdminTests;
			productName = OHAdminTests;
			productReference = A94A28BD1C09F9E300E9164C /* OHAdminTests.xctest */;
			productType = "com.apple.product-type.bundle.unit-test";
		};
		A94A28C71C09F9E300E9164C /* OHAdminUITests */ = {
			isa = PBXNativeTarget;
			buildConfigurationList = A94A28D71C09F9E300E9164C /* Build configuration list for PBXNativeTarget "OHAdminUITests" */;
			buildPhases = (
				A94A28C41C09F9E300E9164C /* Sources */,
				A94A28C51C09F9E300E9164C /* Frameworks */,
				A94A28C61C09F9E300E9164C /* Resources */,
			);
			buildRules = (
			);
			dependencies = (
				A94A28CA1C09F9E300E9164C /* PBXTargetDependency */,
			);
			name = OHAdminUITests;
			productName = OHAdminUITests;
			productReference = A94A28C81C09F9E300E9164C /* OHAdminUITests.xctest */;
			productType = "com.apple.product-type.bundle.ui-testing";
		};
/* End PBXNativeTarget section */

/* Begin PBXProject section */
		A94A289C1C09F9E300E9164C /* Project object */ = {
			isa = PBXProject;
			attributes = {
				LastUpgradeCheck = 0710;
				ORGANIZATIONNAME = "Vincent Do";
				TargetAttributes = {
					A94A28A31C09F9E300E9164C = {
						CreatedOnToolsVersion = 7.1.1;
					};
					A94A28BC1C09F9E300E9164C = {
						CreatedOnToolsVersion = 7.1.1;
						TestTargetID = A94A28A31C09F9E300E9164C;
					};
					A94A28C71C09F9E300E9164C = {
						CreatedOnToolsVersion = 7.1.1;
						TestTargetID = A94A28A31C09F9E300E9164C;
					};
				};
			};
			buildConfigurationList = A94A289F1C09F9E300E9164C /* Build configuration list for PBXProject "OHAdmin" */;
			compatibilityVersion = "Xcode 3.2";
			developmentRegion = English;
			hasScannedForEncodings = 0;
			knownRegions = (
				en,
				Base,
			);
			mainGroup = A94A289B1C09F9E300E9164C;
			productRefGroup = A94A28A51C09F9E300E9164C /* Products */;
			projectDirPath = "";
			projectRoot = "";
			targets = (
				A94A28A31C09F9E300E9164C /* OHAdmin */,
				A94A28BC1C09F9E300E9164C /* OHAdminTests */,
				A94A28C71C09F9E300E9164C /* OHAdminUITests */,
			);
		};
/* End PBXProject section */

/* Begin PBXResourcesBuildPhase section */
		A94A28A21C09F9E300E9164C /* Resources */ = {
			isa = PBXResourcesBuildPhase;
			buildActionMask = 2147483647;
			files = (
				A94A28B71C09F9E300E9164C /* LaunchScreen.storyboard in Resources */,
				A94A28B41C09F9E300E9164C /* Assets.xcassets in Resources */,
				A94A28B21C09F9E300E9164C /* Main.storyboard in Resources */,
			);
			runOnlyForDeploymentPostprocessing = 0;
		};
		A94A28BB1C09F9E300E9164C /* Resources */ = {
			isa = PBXResourcesBuildPhase;
			buildActionMask = 2147483647;
			files = (
			);
			runOnlyForDeploymentPostprocessing = 0;
		};
		A94A28C61C09F9E300E9164C /* Resources */ = {
			isa = PBXResourcesBuildPhase;
			buildActionMask = 2147483647;
			files = (
			);
			runOnlyForDeploymentPostprocessing = 0;
		};
/* End PBXResourcesBuildPhase section */

/* Begin PBXSourcesBuildPhase section */
		A94A28A01C09F9E300E9164C /* Sources */ = {
			isa = PBXSourcesBuildPhase;
			buildActionMask = 2147483647;
			files = (
				A94A28AF1C09F9E300E9164C /* ViewController.m in Sources */,
				A94A28AC1C09F9E300E9164C /* AppDelegate.m in Sources */,
				A94A28A91C09F9E300E9164C /* main.m in Sources */,
			);
			runOnlyForDeploymentPostprocessing = 0;
		};
		A94A28B91C09F9E300E9164C /* Sources */ = {
			isa = PBXSourcesBuildPhase;
			buildActionMask = 2147483647;
			files = (
				A94A28C21C09F9E300E9164C /* OHAdminTests.m in Sources */,
			);
			runOnlyForDeploymentPostprocessing = 0;
		};
		A94A28C41C09F9E300E9164C /* Sources */ = {
			isa = PBXSourcesBuildPhase;
			buildActionMask = 2147483647;
			files = (
				A94A28CD1C09F9E300E9164C /* OHAdminUITests.m in Sources */,
			);
			runOnlyForDeploymentPostprocessing = 0;
		};
/* End PBXSourcesBuildPhase section */

/* Begin PBXTargetDependency section */
		A94A28BF1C09F9E300E9164C /* PBXTargetDependency */ = {
			isa = PBXTargetDependency;
			target = A94A28A31C09F9E300E9164C /* OHAdmin */;
			targetProxy = A94A28BE1C09F9E300E9164C /* PBXContainerItemProxy */;
		};
		A94A28CA1C09F9E300E9164C /* PBXTargetDependency */ = {
			isa = PBXTargetDependency;
			target = A94A28A31C09F9E300E9164C /* OHAdmin */;
			targetProxy = A94A28C91C09F9E300E9164C /* PBXContainerItemProxy */;
		};
/* End PBXTargetDependency section */

/* Begin PBXVariantGroup section */
		A94A28B01C09F9E300E9164C /* Main.storyboard */ = {
			isa = PBXVariantGroup;
			children = (
				A94A28B11C09F9E300E9164C /* Base */,
			);
			name = Main.storyboard;
			sourceTree = "<group>";
		};
		A94A28B51C09F9E300E9164C /* LaunchScreen.storyboard */ = {
			isa = PBXVariantGroup;
			children = (
				A94A28B61C09F9E300E9164C /* Base */,
			);
			name = LaunchScreen.storyboard;
			sourceTree = "<group>";
		};
/* End PBXVariantGroup section */

/* Begin XCBuildConfiguration section */
		A94A28CF1C09F9E300E9164C /* Debug */ = {
			isa = XCBuildConfiguration;
			buildSettings = {
				ALWAYS_SEARCH_USER_PATHS = NO;
				CLANG_CXX_LANGUAGE_STANDARD = "gnu++0x";
				CLANG_CXX_LIBRARY = "libc++";
				CLANG_ENABLE_MODULES = YES;
				CLANG_ENABLE_OBJC_ARC = YES;
				CLANG_WARN_BOOL_CONVERSION = YES;
				CLANG_WARN_CONSTANT_CONVERSION = YES;
				CLANG_WARN_DIRECT_OBJC_ISA_USAGE = YES_ERROR;
				CLANG_WARN_EMPTY_BODY = YES;
				CLANG_WARN_ENUM_CONVERSION = YES;
				CLANG_WARN_INT_CONVERSION = YES;
				CLANG_WARN_OBJC_ROOT_CLASS = YES_ERROR;
				CLANG_WARN_UNREACHABLE_CODE = YES;
				CLANG_WARN__DUPLICATE_METHOD_MATCH = YES;
				"CODE_SIGN_IDENTITY[sdk=iphoneos*]" = "iPhone Developer";
				COPY_PHASE_STRIP = NO;
				DEBUG_INFORMATION_FORMAT = dwarf;
				ENABLE_STRICT_OBJC_MSGSEND = YES;
				ENABLE_TESTABILITY = YES;
				GCC_C_LANGUAGE_STANDARD = gnu99;
				GCC_DYNAMIC_NO_PIC = NO;
				GCC_NO_COMMON_BLOCKS = YES;
				GCC_OPTIMIZATION_LEVEL = 0;
				GCC_PREPROCESSOR_DEFINITIONS = (
					"DEBUG=1",
					"$(inherited)",
				);
				GCC_WARN_64_TO_32_BIT_CONVERSION = YES;
				GCC_WARN_ABOUT_RETURN_TYPE = YES_ERROR;
				GCC_WARN_UNDECLARED_SELECTOR = YES;
				GCC_WARN_UNINITIALIZED_AUTOS = YES_AGGRESSIVE;
				GCC_WARN_UNUSED_FUNCTION = YES;
				GCC_WARN_UNUSED_VARIABLE = YES;
				IPHONEOS_DEPLOYMENT_TARGET = 9.1;
				MTL_ENABLE_DEBUG_INFO = YES;
				ONLY_ACTIVE_ARCH = YES;
				SDKROOT = iphoneos;
				TARGETED_DEVICE_FAMILY = "1,2";
			};
			name = Debug;
		};
		A94A28D01C09F9E300E9164C /* Release */ = {
			isa = XCBuildConfiguration;
			buildSettings = {
				ALWAYS_SEARCH_USER_PATHS = NO;
				CLANG_CXX_LANGUAGE_STANDARD = "gnu++0x";
				CLANG_CXX_LIBRARY = "libc++";
				CLANG_ENABLE_MODULES = YES;
				CLANG_ENABLE_OBJC_ARC = YES;
				CLANG_WARN_BOOL_CONVERSION = YES;
				CLANG_WARN_CONSTANT_CONVERSION = YES;
				CLANG_WARN_DIRECT_OBJC_ISA_USAGE = YES_ERROR;
				CLANG_WARN_EMPTY_BODY = YES;
				CLANG_WARN_ENUM_CONVERSION = YES;
				CLANG_WARN_INT_CONVERSION = YES;
				CLANG_WARN_OBJC_ROOT_CLASS = YES_ERROR;
				CLANG_WARN_UNREACHABLE_CODE = YES;
				CLANG_WARN__DUPLICATE_METHOD_MATCH = YES;
				"CODE_SIGN_IDENTITY[sdk=iphoneos*]" = "iPhone Developer";
				COPY_PHASE_STRIP = NO;
				DEBUG_INFORMATION_FORMAT = "dwarf-with-dsym";
				ENABLE_NS_ASSERTIONS = NO;
				ENABLE_STRICT_OBJC_MSGSEND = YES;
				GCC_C_LANGUAGE_STANDARD = gnu99;
				GCC_NO_COMMON_BLOCKS = YES;
				GCC_WARN_64_TO_32_BIT_CONVERSION = YES;
				GCC_WARN_ABOUT_RETURN_TYPE = YES_ERROR;
				GCC_WARN_UNDECLARED_SELECTOR = YES;
				GCC_WARN_UNINITIALIZED_AUTOS = YES_AGGRESSIVE;
				GCC_WARN_UNUSED_FUNCTION = YES;
				GCC_WARN_UNUSED_VARIABLE = YES;
				IPHONEOS_DEPLOYMENT_TARGET = 9.1;
				MTL_ENABLE_DEBUG_INFO = NO;
				SDKROOT = iphoneos;
				TARGETED_DEVICE_FAMILY = "1,2";
				VALIDATE_PRODUCT = YES;
			};
			name = Release;
		};
		A94A28D21C09F9E300E9164C /* Debug */ = {
			isa = XCBuildConfiguration;
			buildSettings = {
				ASSETCATALOG_COMPILER_APPICON_NAME = AppIcon;
				INFOPLIST_FILE = OHAdmin/Info.plist;
				LD_RUNPATH_SEARCH_PATHS = "$(inherited) @executable_path/Frameworks";
				PRODUCT_BUNDLE_IDENTIFIER = VincentDo.OHAdmin;
				PRODUCT_NAME = "$(TARGET_NAME)";
			};
			name = Debug;
		};
		A94A28D31C09F9E300E9164C /* Release */ = {
			isa = XCBuildConfiguration;
			buildSettings = {
				ASSETCATALOG_COMPILER_APPICON_NAME = AppIcon;
				INFOPLIST_FILE = OHAdmin/Info.plist;
				LD_RUNPATH_SEARCH_PATHS = "$(inherited) @executable_path/Frameworks";
				PRODUCT_BUNDLE_IDENTIFIER = VincentDo.OHAdmin;
				PRODUCT_NAME = "$(TARGET_NAME)";
			};
			name = Release;
		};
		A94A28D51C09F9E300E9164C /* Debug */ = {
			isa = XCBuildConfiguration;
			buildSettings = {
				BUNDLE_LOADER = "$(TEST_HOST)";
				INFOPLIST_FILE = OHAdminTests/Info.plist;
				LD_RUNPATH_SEARCH_PATHS = "$(inherited) @executable_path/Frameworks @loader_path/Frameworks";
				PRODUCT_BUNDLE_IDENTIFIER = VincentDo.OHAdminTests;
				PRODUCT_NAME = "$(TARGET_NAME)";
				TEST_HOST = "$(BUILT_PRODUCTS_DIR)/OHAdmin.app/OHAdmin";
			};
			name = Debug;
		};
		A94A28D61C09F9E300E9164C /* Release */ = {
			isa = XCBuildConfiguration;
			buildSettings = {
				BUNDLE_LOADER = "$(TEST_HOST)";
				INFOPLIST_FILE = OHAdminTests/Info.plist;
				LD_RUNPATH_SEARCH_PATHS = "$(inherited) @executable_path/Frameworks @loader_path/Frameworks";
				PRODUCT_BUNDLE_IDENTIFIER = VincentDo.OHAdminTests;
				PRODUCT_NAME = "$(TARGET_NAME)";
				TEST_HOST = "$(BUILT_PRODUCTS_DIR)/OHAdmin.app/OHAdmin";
			};
			name = Release;
		};
		A94A28D81C09F9E300E9164C /* Debug */ = {
			isa = XCBuildConfiguration;
			buildSettings = {
				INFOPLIST_FILE = OHAdminUITests/Info.plist;
				LD_RUNPATH_SEARCH_PATHS = "$(inherited) @executable_path/Frameworks @loader_path/Frameworks";
				PRODUCT_BUNDLE_IDENTIFIER = VincentDo.OHAdminUITests;
				PRODUCT_NAME = "$(TARGET_NAME)";
				TEST_TARGET_NAME = OHAdmin;
				USES_XCTRUNNER = YES;
			};
			name = Debug;
		};
		A94A28D91C09F9E300E9164C /* Release */ = {
			isa = XCBuildConfiguration;
			buildSettings = {
				INFOPLIST_FILE = OHAdminUITests/Info.plist;
				LD_RUNPATH_SEARCH_PATHS = "$(inherited) @executable_path/Frameworks @loader_path/Frameworks";
				PRODUCT_BUNDLE_IDENTIFIER = VincentDo.OHAdminUITests;
				PRODUCT_NAME = "$(TARGET_NAME)";
				TEST_TARGET_NAME = OHAdmin;
				USES_XCTRUNNER = YES;
			};
			name = Release;
		};
/* End XCBuildConfiguration section */

/* Begin XCConfigurationList section */
		A94A289F1C09F9E300E9164C /* Build configuration list for PBXProject "OHAdmin" */ = {
			isa = XCConfigurationList;
			buildConfigurations = (
				A94A28CF1C09F9E300E9164C /* Debug */,
				A94A28D01C09F9E300E9164C /* Release */,
			);
			defaultConfigurationIsVisible = 0;
			defaultConfigurationName = Release;
		};
		A94A28D11C09F9E300E9164C /* Build configuration list for PBXNativeTarget "OHAdmin" */ = {
			isa = XCConfigurationList;
			buildConfigurations = (
				A94A28D21C09F9E300E9164C /* Debug */,
				A94A28D31C09F9E300E9164C /* Release */,
			);
			defaultConfigurationIsVisible = 0;
		};
		A94A28D41C09F9E300E9164C /* Build configuration list for PBXNativeTarget "OHAdminTests" */ = {
			isa = XCConfigurationList;
			buildConfigurations = (
				A94A28D51C09F9E300E9164C /* Debug */,
				A94A28D61C09F9E300E9164C /* Release */,
			);
			defaultConfigurationIsVisible = 0;
		};
		A94A28D71C09F9E300E9164C /* Build configuration list for PBXNativeTarget "OHAdminUITests" */ = {
			isa = XCConfigurationList;
			buildConfigurations = (
				A94A28D81C09F9E300E9164C /* Debug */,
				A94A28D91C09F9E300E9164C /* Release */,
			);
			defaultConfigurationIsVisible = 0;
		};
/* End XCConfigurationList section */
	};
	rootObject = A94A289C1C09F9E300E9164C /* Project object */;
}
